
Microsoft Visual Studio Solution File, Format Version 12.00
# Visual Studio Version 16
VisualStudioVersion = 16.0.29709.97
MinimumVisualStudioVersion = 10.0.40219.1
Project("{FAE04EC0-301F-11D3-BF4B-00C04F79EFBC}") = "Logger", "Logger.csproj", "{75661081-C266-4154-A3BE-B823DD6C96EA}"
EndProject
Global
	GlobalSection(SolutionConfigurationPlatforms) = preSolution
		Debug|Any CPU = Debug|Any CPU
		Release|Any CPU = Release|Any CPU
	EndGlobalSection
	GlobalSection(ProjectConfigurationPlatforms) = postSolution
		{75661081-C266-4154-A3BE-B823DD6C96EA}.Debug|Any CPU.ActiveCfg = Debug|Any CPU
		{75661081-C266-4154-A3BE-B823DD6C96EA}.Debug|Any CPU.Build.0 = Debug|Any CPU
		{75661081-C266-4154-A3BE-B823DD6C96EA}.Release|Any CPU.ActiveCfg = Release|Any CPU
		{75661081-C266-4154-A3BE-B823DD6C96EA}.Release|Any CPU.Build.0 = Release|Any CPU
	EndGlobalSection
	GlobalSection(SolutionProperties) = preSolution
		HideSolutionNode = FALSE
	EndGlobalSection
	GlobalSection(ExtensibilityGlobals) = postSolution
		SolutionGuid = {03EF3B86-185E-4C7C-AD40-2EE75954D943}
	EndGlobalSection
EndGlobal
